symfony 0ab776227a0d6586c9f1be379926acaa94f64a01
twig f43cc520d6abb3868d36a3011874afbf13166317
monolog b704c49a3051536f67f2d39f13568f74615b9922
doctrine-common b886898821288d305862ee9c567cc5b5cbb4c0dc
doctrine-dbal 148a049df448af9772259e69a034e51c0c080805
doctrine e1647229cd2544bd77f10620e1b95a5781c4a733
swiftmailer 982b4c9498b7dd85e70f6d35e65d909c888e6345
assetic 4aeef88b7908510d0bcbbde357f0adf470534ed8
twig-extensions 4c831657215e51568fcb31bb9142e827f9a69bd5
metadata 8717ad2a5689480765d9ffafe925cd8a2457e582
SensioFrameworkExtraBundle 638f545b7020b9e9d5944a7e3167f60ed848250d
JMSSecurityExtraBundle 541a4c242328dc04b99540c75346cc74a7c0cfb5
SensioDistributionBundle 20b66a408084ad8752f98e50f10533f5245310bf
SensioGeneratorBundle b1ccb78c1743f30817b0fce9bb5c6baff6ed7bf8
AsseticBundle 41b5913b5086a0909af92adcb4a6005ee0051b16
doctrine-fixtures aea0b95a554188892f10d8f09ce3ae8150f28f8b
DoctrineFixturesBundle a66be2f077f3a4e5c3801b356b42b8782f1abbd6
Imagine f18f1fa23afc57bcf3497d619e1ee7d62b529967
GravatarBundle e5aedca3bd066081e16912ca8be96ba4ca570d0a
FeedBundle 16766bf11db24abf93df0154abee3bc4704afd67
RizewayFormBundle cff348b54168b5343c6deb62e8b63b9da87e8a76
HTMLPurifierBundle 5ac9b286545c279d1d8968f5fa867d4647eeed56
HTMLPurifier 7291f19347b05f5833421eaf5152558bfbd2b454
CaptchaBundle 0453ae2e0e30408caae3f03d858706f06e4fb224